
Microsoft Visual Studio Solution File, Format Version 12.00
# Visual Studio 15
VisualStudioVersion = 15.0.27703.2035
MinimumVisualStudioVersion = 10.0.40219.1
Project("{FAE04EC0-301F-11D3-BF4B-00C04F79EFBC}") = "BigLetter", "BigLetter\BigLetter.csproj", "{A4D4E8CB-63A4-4D0D-92EA-872BC4484E0B}"
EndProject
Global
	GlobalSection(SolutionConfigurationPlatforms) = preSolution
		Debug|Any CPU = Debug|Any CPU
		Release|Any CPU = Release|Any CPU
	EndGlobalSection
	GlobalSection(ProjectConfigurationPlatforms) = postSolution
		{A4D4E8CB-63A4-4D0D-92EA-872BC4484E0B}.Debug|Any CPU.ActiveCfg = Debug|Any CPU
		{A4D4E8CB-63A4-4D0D-92EA-872BC4484E0B}.Debug|Any CPU.Build.0 = Debug|Any CPU
		{A4D4E8CB-63A4-4D0D-92EA-872BC4484E0B}.Release|Any CPU.ActiveCfg = Release|Any CPU
		{A4D4E8CB-63A4-4D0D-92EA-872BC4484E0B}.Release|Any CPU.Build.0 = Release|Any CPU
	EndGlobalSection
	GlobalSection(SolutionProperties) = preSolution
		HideSolutionNode = FALSE
	EndGlobalSection
	GlobalSection(ExtensibilityGlobals) = postSolution
		SolutionGuid = {D04523F4-9878-49DA-8142-6C7286EB3EF0}
	EndGlobalSection
EndGlobal
